
Microsoft Visual Studio Solution File, Format Version 12.00
# Visual Studio Version 16
VisualStudioVersion = 16.0.31702.278
MinimumVisualStudioVersion = 10.0.40219.1
Project("{FAE04EC0-301F-11D3-BF4B-00C04F79EFBC}") = "Zadanie21", "Zadanie21.csproj", "{083CF4B3-C845-46A3-9A00-DE9C9876FB51}"
EndProject
Global
	GlobalSection(SolutionConfigurationPlatforms) = preSolution
		Debug|Any CPU = Debug|Any CPU
		Release|Any CPU = Release|Any CPU
	EndGlobalSection
	GlobalSection(ProjectConfigurationPlatforms) = postSolution
		{083CF4B3-C845-46A3-9A00-DE9C9876FB51}.Debug|Any CPU.ActiveCfg = Debug|Any CPU
		{083CF4B3-C845-46A3-9A00-DE9C9876FB51}.Debug|Any CPU.Build.0 = Debug|Any CPU
		{083CF4B3-C845-46A3-9A00-DE9C9876FB51}.Release|Any CPU.ActiveCfg = Release|Any CPU
		{083CF4B3-C845-46A3-9A00-DE9C9876FB51}.Release|Any CPU.Build.0 = Release|Any CPU
	EndGlobalSection
	GlobalSection(SolutionProperties) = preSolution
		HideSolutionNode = FALSE
	EndGlobalSection
	GlobalSection(ExtensibilityGlobals) = postSolution
		SolutionGuid = {29E6293F-F262-40DF-9E43-B68C9FDB762A}
	EndGlobalSection
EndGlobal
